
Microsoft Visual Studio Solution File, Format Version 12.00
# Visual Studio Version 17
VisualStudioVersion = 17.7.34221.43
MinimumVisualStudioVersion = 10.0.40219.1
Project("{FAE04EC0-301F-11D3-BF4B-00C04F79EFBC}") = "countries_app", "countries_app\countries_app.csproj", "{CE20DB7B-C04A-43A0-829F-FFEFB2D29721}"
EndProject
Global
	GlobalSection(SolutionConfigurationPlatforms) = preSolution
		Debug|Any CPU = Debug|Any CPU
		Release|Any CPU = Release|Any CPU
	EndGlobalSection
	GlobalSection(ProjectConfigurationPlatforms) = postSolution
		{CE20DB7B-C04A-43A0-829F-FFEFB2D29721}.Debug|Any CPU.ActiveCfg = Debug|Any CPU
		{CE20DB7B-C04A-43A0-829F-FFEFB2D29721}.Debug|Any CPU.Build.0 = Debug|Any CPU
		{CE20DB7B-C04A-43A0-829F-FFEFB2D29721}.Release|Any CPU.ActiveCfg = Release|Any CPU
		{CE20DB7B-C04A-43A0-829F-FFEFB2D29721}.Release|Any CPU.Build.0 = Release|Any CPU
	EndGlobalSection
	GlobalSection(SolutionProperties) = preSolution
		HideSolutionNode = FALSE
	EndGlobalSection
	GlobalSection(ExtensibilityGlobals) = postSolution
		SolutionGuid = {9B16732A-B5CB-4D12-86F3-DDB225CFC405}
	EndGlobalSection
EndGlobal
