
Microsoft Visual Studio Solution File, Format Version 12.00
# Visual Studio Version 17
VisualStudioVersion = 17.7.34221.43
MinimumVisualStudioVersion = 10.0.40219.1
Project("{FAE04EC0-301F-11D3-BF4B-00C04F79EFBC}") = "Bank_app", "Bank_app\Bank_app.csproj", "{662D0227-4858-463F-B974-6446DC246195}"
EndProject
Global
	GlobalSection(SolutionConfigurationPlatforms) = preSolution
		Debug|Any CPU = Debug|Any CPU
		Release|Any CPU = Release|Any CPU
	EndGlobalSection
	GlobalSection(ProjectConfigurationPlatforms) = postSolution
		{662D0227-4858-463F-B974-6446DC246195}.Debug|Any CPU.ActiveCfg = Debug|Any CPU
		{662D0227-4858-463F-B974-6446DC246195}.Debug|Any CPU.Build.0 = Debug|Any CPU
		{662D0227-4858-463F-B974-6446DC246195}.Release|Any CPU.ActiveCfg = Release|Any CPU
		{662D0227-4858-463F-B974-6446DC246195}.Release|Any CPU.Build.0 = Release|Any CPU
	EndGlobalSection
	GlobalSection(SolutionProperties) = preSolution
		HideSolutionNode = FALSE
	EndGlobalSection
	GlobalSection(ExtensibilityGlobals) = postSolution
		SolutionGuid = {44C06146-AF7C-415F-9623-9A4FF0BCD3D8}
	EndGlobalSection
EndGlobal
